#MicroXplorer Configuration settings - do not modify
File.Version=6
GPIO.groupedBy=Group By Peripherals
KeepUserPlacement=false
Mcu.Family=STM32F4
Mcu.IP0=NVIC
Mcu.IP1=RCC
Mcu.IP2=RTC
Mcu.IP3=SPI1
Mcu.IP4=SYS
Mcu.IP5=TIM2
Mcu.IP6=TIM3
Mcu.IP7=TIM4
Mcu.IP8=USART3
Mcu.IPNb=9
Mcu.Name=STM32F407V(E-G)Tx
Mcu.Package=LQFP100
Mcu.Pin0=PE2
Mcu.Pin1=PE3
Mcu.Pin10=PC1
Mcu.Pin11=PA0-WKUP
Mcu.Pin12=PA1
Mcu.Pin13=PA2
Mcu.Pin14=PA5
Mcu.Pin15=PE7
Mcu.Pin16=PE8
Mcu.Pin17=PE9
Mcu.Pin18=PE10
Mcu.Pin19=PD12
Mcu.Pin2=PE4
Mcu.Pin20=PD13
Mcu.Pin21=PD14
Mcu.Pin22=PD15
Mcu.Pin23=PA13
Mcu.Pin24=PA14
Mcu.Pin25=PC10
Mcu.Pin26=PC11
Mcu.Pin27=PB3
Mcu.Pin28=PB4
Mcu.Pin29=PB5
Mcu.Pin3=PE5
Mcu.Pin30=PE0
Mcu.Pin31=PE1
Mcu.Pin32=VP_RTC_VS_RTC_Activate
Mcu.Pin33=VP_RTC_VS_RTC_Calendar
Mcu.Pin34=VP_SYS_VS_Systick
Mcu.Pin35=VP_TIM2_VS_ClockSourceINT
Mcu.Pin36=VP_TIM3_VS_ClockSourceINT
Mcu.Pin37=VP_TIM4_VS_ClockSourceINT
Mcu.Pin4=PE6
Mcu.Pin5=PC13-ANTI_TAMP
Mcu.Pin6=PC15-OSC32_OUT
Mcu.Pin7=PH0-OSC_IN
Mcu.Pin8=PH1-OSC_OUT
Mcu.Pin9=PC0
Mcu.PinsNb=38
Mcu.ThirdPartyNb=0
Mcu.UserConstants=
Mcu.UserName=STM32F407VGTx
MxCube.Version=5.6.0
MxDb.Version=DB.5.0.60
NVIC.BusFault_IRQn=true\:0\:0\:false\:false\:true\:false\:false
NVIC.DebugMonitor_IRQn=true\:0\:0\:false\:false\:true\:false\:false
NVIC.EXTI0_IRQn=true\:1\:0\:true\:false\:true\:true\:true
NVIC.ForceEnableDMAVector=true
NVIC.HardFault_IRQn=true\:0\:0\:false\:false\:true\:false\:false
NVIC.MemoryManagement_IRQn=true\:0\:0\:false\:false\:true\:false\:false
NVIC.NonMaskableInt_IRQn=true\:0\:0\:false\:false\:true\:false\:false
NVIC.PendSV_IRQn=true\:0\:0\:false\:false\:true\:false\:false
NVIC.PriorityGroup=NVIC_PRIORITYGROUP_4
NVIC.SVCall_IRQn=true\:0\:0\:false\:false\:true\:false\:false
NVIC.SysTick_IRQn=true\:0\:0\:false\:false\:true\:false\:true
NVIC.TIM2_IRQn=true\:2\:0\:true\:false\:true\:true\:true
NVIC.TIM3_IRQn=true\:3\:0\:true\:false\:true\:true\:true
NVIC.USART3_IRQn=true\:2\:0\:true\:false\:true\:true\:true
NVIC.UsageFault_IRQn=true\:0\:0\:false\:false\:true\:false\:false
PA0-WKUP.GPIOParameters=GPIO_PuPd,GPIO_Label
PA0-WKUP.GPIO_Label=STM_UserButton
PA0-WKUP.GPIO_PuPd=GPIO_PULLDOWN
PA0-WKUP.Locked=true
PA0-WKUP.Signal=GPXTI0
PA1.GPIOParameters=GPIO_Label
PA1.GPIO_Label=RGB_Green
PA1.Signal=S_TIM2_CH2
PA13.Mode=Serial_Wire
PA13.Signal=SYS_JTMS-SWDIO
PA14.Mode=Serial_Wire
PA14.Signal=SYS_JTCK-SWCLK
PA2.GPIOParameters=GPIO_Label
PA2.GPIO_Label=RGB_Blue
PA2.Signal=S_TIM2_CH3
PA5.GPIOParameters=GPIO_Label
PA5.GPIO_Label=RGB_Red
PA5.Locked=true
PA5.Signal=S_TIM2_CH1_ETR
PB3.GPIOParameters=GPIO_Label
PB3.GPIO_Label=SD_SCK
PB3.Locked=true
PB3.Mode=Full_Duplex_Master
PB3.Signal=SPI1_SCK
PB4.GPIOParameters=GPIO_Label
PB4.GPIO_Label=SD_MISO
PB4.Locked=true
PB4.Mode=Full_Duplex_Master
PB4.Signal=SPI1_MISO
PB5.GPIOParameters=GPIO_Label
PB5.GPIO_Label=SD_MOSI
PB5.Locked=true
PB5.Mode=Full_Duplex_Master
PB5.Signal=SPI1_MOSI
PC0.GPIOParameters=GPIO_PuPd,GPIO_Label
PC0.GPIO_Label=THS_Sensor1
PC0.GPIO_PuPd=GPIO_PULLUP
PC0.Locked=true
PC0.Signal=GPIO_Output
PC1.GPIOParameters=GPIO_PuPd,GPIO_Label
PC1.GPIO_Label=THS_Sensor2
PC1.GPIO_PuPd=GPIO_PULLUP
PC1.Locked=true
PC1.Signal=GPIO_Output
PC10.GPIOParameters=GPIO_Label
PC10.GPIO_Label=HTTP_TX
PC10.Locked=true
PC10.Mode=Asynchronous
PC10.Signal=USART3_TX
PC11.GPIOParameters=GPIO_Label
PC11.GPIO_Label=HTTP_RX
PC11.Locked=true
PC11.Mode=Asynchronous
PC11.Signal=USART3_RX
PC13-ANTI_TAMP.Mode=Calibration_1Hz
PC13-ANTI_TAMP.Signal=RTC_AF1
PC15-OSC32_OUT.GPIOParameters=GPIO_PuPd,GPIO_Label
PC15-OSC32_OUT.GPIO_Label=LCD_Screen
PC15-OSC32_OUT.GPIO_PuPd=GPIO_PULLDOWN
PC15-OSC32_OUT.Locked=true
PC15-OSC32_OUT.Signal=GPIO_Output
PD12.GPIOParameters=GPIO_Label
PD12.GPIO_Label=STM_Green
PD12.Locked=true
PD12.Signal=GPIO_Output
PD13.GPIOParameters=GPIO_Label
PD13.GPIO_Label=STM_Orange
PD13.Locked=true
PD13.Signal=GPIO_Output
PD14.GPIOParameters=GPIO_Label
PD14.GPIO_Label=STM_Red
PD14.Locked=true
PD14.Signal=GPIO_Output
PD15.GPIOParameters=GPIO_Label
PD15.GPIO_Label=STM_Blue
PD15.Locked=true
PD15.Signal=GPIO_Output
PE0.GPIOParameters=GPIO_PuPd,GPIO_Label
PE0.GPIO_Label=LCD_D4
PE0.GPIO_PuPd=GPIO_PULLDOWN
PE0.Locked=true
PE0.Signal=GPIO_Output
PE1.GPIOParameters=GPIO_PuPd,GPIO_Label
PE1.GPIO_Label=LCD_D5
PE1.GPIO_PuPd=GPIO_PULLDOWN
PE1.Locked=true
PE1.Signal=GPIO_Output
PE10.GPIOParameters=GPIO_PuPd,GPIO_Label
PE10.GPIO_Label=MENU_Btn4
PE10.GPIO_PuPd=GPIO_PULLDOWN
PE10.Locked=true
PE10.Signal=GPIO_Input
PE2.GPIOParameters=GPIO_PuPd,GPIO_Label
PE2.GPIO_Label=LCD_D6
PE2.GPIO_PuPd=GPIO_PULLDOWN
PE2.Locked=true
PE2.Signal=GPIO_Output
PE3.GPIOParameters=GPIO_PuPd,GPIO_Label
PE3.GPIO_Label=LCD_D7
PE3.GPIO_PuPd=GPIO_PULLDOWN
PE3.Locked=true
PE3.Signal=GPIO_Output
PE4.GPIOParameters=GPIO_PuPd,GPIO_Label
PE4.GPIO_Label=LCD_RS
PE4.GPIO_PuPd=GPIO_PULLDOWN
PE4.Locked=true
PE4.Signal=GPIO_Output
PE5.GPIOParameters=GPIO_PuPd,GPIO_Label
PE5.GPIO_Label=LCD_RW
PE5.GPIO_PuPd=GPIO_PULLDOWN
PE5.Locked=true
PE5.Signal=GPIO_Output
PE6.GPIOParameters=GPIO_PuPd,GPIO_Label
PE6.GPIO_Label=LCD_E
PE6.GPIO_PuPd=GPIO_PULLDOWN
PE6.Locked=true
PE6.Signal=GPIO_Output
PE7.GPIOParameters=GPIO_PuPd,GPIO_Label
PE7.GPIO_Label=MENU_Btn1
PE7.GPIO_PuPd=GPIO_PULLUP
PE7.Locked=true
PE7.Signal=GPIO_Input
PE8.GPIOParameters=GPIO_PuPd,GPIO_Label
PE8.GPIO_Label=MENU_Btn2
PE8.GPIO_PuPd=GPIO_PULLDOWN
PE8.Locked=true
PE8.Signal=GPIO_Input
PE9.GPIOParameters=GPIO_PuPd,GPIO_Label
PE9.GPIO_Label=MENU_Btn3
PE9.GPIO_PuPd=GPIO_PULLDOWN
PE9.Locked=true
PE9.Signal=GPIO_Input
PH0-OSC_IN.Mode=HSE-External-Oscillator
PH0-OSC_IN.Signal=RCC_OSC_IN
PH1-OSC_OUT.Mode=HSE-External-Oscillator
PH1-OSC_OUT.Signal=RCC_OSC_OUT
PinOutPanel.RotationAngle=0
ProjectManager.AskForMigrate=true
ProjectManager.BackupPrevious=false
ProjectManager.CompilerOptimize=6
ProjectManager.ComputerToolchain=false
ProjectManager.CoupleFile=false
ProjectManager.CustomerFirmwarePackage=
ProjectManager.DefaultFWLocation=true
ProjectManager.DeletePrevious=true
ProjectManager.DeviceId=STM32F407VGTx
ProjectManager.FirmwarePackage=STM32Cube FW_F4 V1.25.0
ProjectManager.FreePins=false
ProjectManager.HalAssertFull=false
ProjectManager.HeapSize=0x200
ProjectManager.KeepUserCode=true
ProjectManager.LastFirmware=true
ProjectManager.LibraryCopy=2
ProjectManager.MainLocation=Core/Src
ProjectManager.NoMain=false
ProjectManager.PreviousToolchain=STM32CubeIDE
ProjectManager.ProjectBuild=false
ProjectManager.ProjectFileName=sp-ide.ioc
ProjectManager.ProjectName=sp-ide
ProjectManager.StackSize=0x400
ProjectManager.TargetToolchain=STM32CubeIDE
ProjectManager.ToolChainLocation=
ProjectManager.UnderRoot=true
ProjectManager.functionlistsort=1-MX_GPIO_Init-GPIO-false-HAL-true,2-SystemClock_Config-RCC-false-HAL-false,3-MX_RTC_Init-RTC-false-HAL-true,4-MX_SPI1_Init-SPI1-false-HAL-true,5-MX_TIM2_Init-TIM2-false-HAL-true,6-MX_TIM3_Init-TIM3-false-HAL-true,7-MX_TIM4_Init-TIM4-false-HAL-true,8-MX_USART3_UART_Init-USART3-false-HAL-true
RCC.48MHZClocksFreq_Value=48000000
RCC.AHBFreq_Value=72000000
RCC.APB1CLKDivider=RCC_HCLK_DIV2
RCC.APB1Freq_Value=36000000
RCC.APB1TimFreq_Value=72000000
RCC.APB2Freq_Value=72000000
RCC.APB2TimFreq_Value=72000000
RCC.CortexFreq_Value=72000000
RCC.EthernetFreq_Value=72000000
RCC.FCLKCortexFreq_Value=72000000
RCC.FamilyName=M
RCC.HCLKFreq_Value=72000000
RCC.HSE_VALUE=8000000
RCC.HSI_VALUE=16000000
RCC.I2SClocksFreq_Value=192000000
RCC.IPParameters=48MHZClocksFreq_Value,AHBFreq_Value,APB1CLKDivider,APB1Freq_Value,APB1TimFreq_Value,APB2Freq_Value,APB2TimFreq_Value,CortexFreq_Value,EthernetFreq_Value,FCLKCortexFreq_Value,FamilyName,HCLKFreq_Value,HSE_VALUE,HSI_VALUE,I2SClocksFreq_Value,LSE_VALUE,LSI_VALUE,MCO2PinFreq_Value,PLLCLKFreq_Value,PLLM,PLLN,PLLQ,PLLQCLKFreq_Value,PLLSourceVirtual,RCC_RTC_Clock_Source,RCC_RTC_Clock_Source_FROM_HSE,RTCFreq_Value,RTCHSEDivFreq_Value,SYSCLKFreq_VALUE,SYSCLKSource,VCOI2SOutputFreq_Value,VCOInputFreq_Value,VCOOutputFreq_Value,VcooutputI2S
RCC.LSE_VALUE=32768
RCC.LSI_VALUE=32000
RCC.MCO2PinFreq_Value=72000000
RCC.PLLCLKFreq_Value=72000000
RCC.PLLM=4
RCC.PLLN=72
RCC.PLLQ=3
RCC.PLLQCLKFreq_Value=48000000
RCC.PLLSourceVirtual=RCC_PLLSOURCE_HSE
RCC.RCC_RTC_Clock_Source=RCC_RTCCLKSOURCE_HSE_DIV16
RCC.RCC_RTC_Clock_Source_FROM_HSE=RCC_RTCCLKSOURCE_HSE_DIV16
RCC.RTCFreq_Value=500000
RCC.RTCHSEDivFreq_Value=500000
RCC.SYSCLKFreq_VALUE=72000000
RCC.SYSCLKSource=RCC_SYSCLKSOURCE_PLLCLK
RCC.VCOI2SOutputFreq_Value=384000000
RCC.VCOInputFreq_Value=2000000
RCC.VCOOutputFreq_Value=144000000
RCC.VcooutputI2S=192000000
RTC.AsynchPrediv=125
RTC.Date=8
RTC.Hours=0
RTC.IPParameters=WeekDay,Date,Year,Month,Hours,SynchPrediv,AsynchPrediv
RTC.Month=RTC_MONTH_APRIL
RTC.SynchPrediv=4000
RTC.WeekDay=RTC_WEEKDAY_WEDNESDAY
RTC.Year=20
SH.GPXTI0.0=GPIO_EXTI0
SH.GPXTI0.ConfNb=1
SH.S_TIM2_CH1_ETR.0=TIM2_CH1,PWM Generation1 CH1
SH.S_TIM2_CH1_ETR.ConfNb=1
SH.S_TIM2_CH2.0=TIM2_CH2,PWM Generation2 CH2
SH.S_TIM2_CH2.ConfNb=1
SH.S_TIM2_CH3.0=TIM2_CH3,PWM Generation3 CH3
SH.S_TIM2_CH3.ConfNb=1
SPI1.BaudRatePrescaler=SPI_BAUDRATEPRESCALER_16
SPI1.CalculateBaudRate=4.5 MBits/s
SPI1.Direction=SPI_DIRECTION_2LINES
SPI1.IPParameters=VirtualType,Mode,Direction,CalculateBaudRate,BaudRatePrescaler
SPI1.Mode=SPI_MODE_MASTER
SPI1.VirtualType=VM_MASTER
TIM2.Channel-PWM\ Generation1\ CH1=TIM_CHANNEL_1
TIM2.Channel-PWM\ Generation2\ CH2=TIM_CHANNEL_2
TIM2.Channel-PWM\ Generation3\ CH3=TIM_CHANNEL_3
TIM2.IPParameters=Channel-PWM Generation1 CH1,Channel-PWM Generation2 CH2,Channel-PWM Generation3 CH3,Prescaler,Period
TIM2.Period=1000-1
TIM2.Prescaler=72-1
TIM3.IPParameters=Prescaler,Period
TIM3.Period=60000-1
TIM3.Prescaler=36000-1
TIM4.IPParameters=Prescaler,Period
TIM4.Period=0xFFFF-1
TIM4.Prescaler=72-1
USART3.IPParameters=VirtualMode
USART3.VirtualMode=VM_ASYNC
VP_RTC_VS_RTC_Activate.Mode=RTC_Enabled
VP_RTC_VS_RTC_Activate.Signal=RTC_VS_RTC_Activate
VP_RTC_VS_RTC_Calendar.Mode=RTC_Calendar
VP_RTC_VS_RTC_Calendar.Signal=RTC_VS_RTC_Calendar
VP_SYS_VS_Systick.Mode=SysTick
VP_SYS_VS_Systick.Signal=SYS_VS_Systick
VP_TIM2_VS_ClockSourceINT.Mode=Internal
VP_TIM2_VS_ClockSourceINT.Signal=TIM2_VS_ClockSourceINT
VP_TIM3_VS_ClockSourceINT.Mode=Internal
VP_TIM3_VS_ClockSourceINT.Signal=TIM3_VS_ClockSourceINT
VP_TIM4_VS_ClockSourceINT.Mode=Internal
VP_TIM4_VS_ClockSourceINT.Signal=TIM4_VS_ClockSourceINT
board=custom
isbadioc=false
